
Microsoft Visual Studio Solution File, Format Version 12.00
# Visual Studio Version 16
VisualStudioVersion = 16.0.30907.101
MinimumVisualStudioVersion = 10.0.40219.1
Project("{FAE04EC0-301F-11D3-BF4B-00C04F79EFBC}") = "MvcMovie", "MvcMovie\MvcMovie.csproj", "{7E6860FD-DB07-4EF7-AEED-FDCEAF7A3A42}"
EndProject
Global
	GlobalSection(SolutionConfigurationPlatforms) = preSolution
		Debug|Any CPU = Debug|Any CPU
		Release|Any CPU = Release|Any CPU
	EndGlobalSection
	GlobalSection(ProjectConfigurationPlatforms) = postSolution
		{7E6860FD-DB07-4EF7-AEED-FDCEAF7A3A42}.Debug|Any CPU.ActiveCfg = Debug|Any CPU
		{7E6860FD-DB07-4EF7-AEED-FDCEAF7A3A42}.Debug|Any CPU.Build.0 = Debug|Any CPU
		{7E6860FD-DB07-4EF7-AEED-FDCEAF7A3A42}.Release|Any CPU.ActiveCfg = Release|Any CPU
		{7E6860FD-DB07-4EF7-AEED-FDCEAF7A3A42}.Release|Any CPU.Build.0 = Release|Any CPU
	EndGlobalSection
	GlobalSection(SolutionProperties) = preSolution
		HideSolutionNode = FALSE
	EndGlobalSection
	GlobalSection(ExtensibilityGlobals) = postSolution
		SolutionGuid = {0B20B277-DA84-4913-8CAA-66F0B65F0890}
	EndGlobalSection
EndGlobal
